
Microsoft Visual Studio Solution File, Format Version 12.00
# Visual Studio Version 16
VisualStudioVersion = 16.0.30128.74
MinimumVisualStudioVersion = 10.0.40219.1
Project("{FAE04EC0-301F-11D3-BF4B-00C04F79EFBC}") = "PC Cleaner", "PC Cleaner\PC Cleaner.csproj", "{99FFB159-7D47-4F61-A7FF-147399EE5A4B}"
EndProject
Project("{2150E333-8FDC-42A3-9474-1A3956D46DE8}") = "Solution Items", "Solution Items", "{FBB93852-FE4D-4850-BB25-5C863E7F47B0}"
	ProjectSection(SolutionItems) = preProject
		PC Cleaner\bin\Debug\netcoreapp3.1\ebclean.bat = PC Cleaner\bin\Debug\netcoreapp3.1\ebclean.bat
	EndProjectSection
EndProject
Global
	GlobalSection(SolutionConfigurationPlatforms) = preSolution
		Debug|Any CPU = Debug|Any CPU
		Release|Any CPU = Release|Any CPU
	EndGlobalSection
	GlobalSection(ProjectConfigurationPlatforms) = postSolution
		{99FFB159-7D47-4F61-A7FF-147399EE5A4B}.Debug|Any CPU.ActiveCfg = Debug|Any CPU
		{99FFB159-7D47-4F61-A7FF-147399EE5A4B}.Debug|Any CPU.Build.0 = Debug|Any CPU
		{99FFB159-7D47-4F61-A7FF-147399EE5A4B}.Release|Any CPU.ActiveCfg = Release|Any CPU
		{99FFB159-7D47-4F61-A7FF-147399EE5A4B}.Release|Any CPU.Build.0 = Release|Any CPU
	EndGlobalSection
	GlobalSection(SolutionProperties) = preSolution
		HideSolutionNode = FALSE
	EndGlobalSection
	GlobalSection(ExtensibilityGlobals) = postSolution
		SolutionGuid = {B17294B2-1BCD-48E7-B1CC-BD49DDBF3615}
	EndGlobalSection
EndGlobal
